// !$*UTF8*$!
{
	archiveVersion = 1;
	classes = {
	};
	objectVersion = 56;
	objects = {

/* Begin PBXBuildFile section */
		76369E7A29C8590800D2D92D /* AppDelegate.swift in Sources */ = {isa = PBXBuildFile; fileRef = 76369E7929C8590800D2D92D /* AppDelegate.swift */; };
		76369E7C29C8590800D2D92D /* SceneDelegate.swift in Sources */ = {isa = PBXBuildFile; fileRef = 76369E7B29C8590800D2D92D /* SceneDelegate.swift */; };
		76369E8129C8590800D2D92D /* Main.storyboard in Resources */ = {isa = PBXBuildFile; fileRef = 76369E7F29C8590800D2D92D /* Main.storyboard */; };
		76369E8329C8590A00D2D92D /* Assets.xcassets in Resources */ = {isa = PBXBuildFile; fileRef = 76369E8229C8590A00D2D92D /* Assets.xcassets */; };
		76369E8629C8590A00D2D92D /* LaunchScreen.storyboard in Resources */ = {isa = PBXBuildFile; fileRef = 76369E8429C8590A00D2D92D /* LaunchScreen.storyboard */; };
		76369E8E29C8F8E400D2D92D /* TableController.swift in Sources */ = {isa = PBXBuildFile; fileRef = 76369E8D29C8F8E400D2D92D /* TableController.swift */; };
		767073D42A2DB87D007FC469 /* LocalAutorizationService.swift in Sources */ = {isa = PBXBuildFile; fileRef = 767073D32A2DB87D007FC469 /* LocalAutorizationService.swift */; };
		76BBF78429C9903700B02A17 /* ImageManager.swift in Sources */ = {isa = PBXBuildFile; fileRef = 76BBF78329C9903700B02A17 /* ImageManager.swift */; };
		76E32BAB29CB97E500ABB458 /* TODO.swift in Sources */ = {isa = PBXBuildFile; fileRef = 76E32BAA29CB97E500ABB458 /* TODO.swift */; };
		76E32BEA29CCF08900ABB458 /* LoginController.swift in Sources */ = {isa = PBXBuildFile; fileRef = 76E32BE929CCF08900ABB458 /* LoginController.swift */; };
		76E32BED29CCFB0E00ABB458 /* KeychainSwift in Frameworks */ = {isa = PBXBuildFile; productRef = 76E32BEC29CCFB0E00ABB458 /* KeychainSwift */; };
		76E32BEF29CD828400ABB458 /* LoginManager.swift in Sources */ = {isa = PBXBuildFile; fileRef = 76E32BEE29CD828400ABB458 /* LoginManager.swift */; };
		76E32BF529CF871E00ABB458 /* SettingsController.swift in Sources */ = {isa = PBXBuildFile; fileRef = 76E32BF429CF871E00ABB458 /* SettingsController.swift */; };
/* End PBXBuildFile section */

/* Begin PBXFileReference section */
		76369E7629C8590800D2D92D /* ImagePicker Bundle. Sandbox. FileManager.app */ = {isa = PBXFileReference; explicitFileType = wrapper.application; includeInIndex = 0; path = "ImagePicker Bundle. Sandbox. FileManager.app"; sourceTree = BUILT_PRODUCTS_DIR; };
		76369E7929C8590800D2D92D /* AppDelegate.swift */ = {isa = PBXFileReference; lastKnownFileType = sourcecode.swift; path = AppDelegate.swift; sourceTree = "<group>"; };
		76369E7B29C8590800D2D92D /* SceneDelegate.swift */ = {isa = PBXFileReference; lastKnownFileType = sourcecode.swift; path = SceneDelegate.swift; sourceTree = "<group>"; };
		76369E8029C8590800D2D92D /* Base */ = {isa = PBXFileReference; lastKnownFileType = file.storyboard; name = Base; path = Base.lproj/Main.storyboard; sourceTree = "<group>"; };
		76369E8229C8590A00D2D92D /* Assets.xcassets */ = {isa = PBXFileReference; lastKnownFileType = folder.assetcatalog; path = Assets.xcassets; sourceTree = "<group>"; };
		76369E8529C8590A00D2D92D /* Base */ = {isa = PBXFileReference; lastKnownFileType = file.storyboard; name = Base; path = Base.lproj/LaunchScreen.storyboard; sourceTree = "<group>"; };
		76369E8729C8590A00D2D92D /* Info.plist */ = {isa = PBXFileReference; lastKnownFileType = text.plist.xml; path = Info.plist; sourceTree = "<group>"; };
		76369E8D29C8F8E400D2D92D /* TableController.swift */ = {isa = PBXFileReference; lastKnownFileType = sourcecode.swift; path = TableController.swift; sourceTree = "<group>"; };
		767073D32A2DB87D007FC469 /* LocalAutorizationService.swift */ = {isa = PBXFileReference; lastKnownFileType = sourcecode.swift; path = LocalAutorizationService.swift; sourceTree = "<group>"; };
		76BBF78329C9903700B02A17 /* ImageManager.swift */ = {isa = PBXFileReference; lastKnownFileType = sourcecode.swift; path = ImageManager.swift; sourceTree = "<group>"; };
		76E32BAA29CB97E500ABB458 /* TODO.swift */ = {isa = PBXFileReference; lastKnownFileType = sourcecode.swift; path = TODO.swift; sourceTree = "<group>"; };
		76E32BE929CCF08900ABB458 /* LoginController.swift */ = {isa = PBXFileReference; lastKnownFileType = sourcecode.swift; path = LoginController.swift; sourceTree = "<group>"; };
		76E32BEE29CD828400ABB458 /* LoginManager.swift */ = {isa = PBXFileReference; lastKnownFileType = sourcecode.swift; path = LoginManager.swift; sourceTree = "<group>"; };
		76E32BF429CF871E00ABB458 /* SettingsController.swift */ = {isa = PBXFileReference; lastKnownFileType = sourcecode.swift; path = SettingsController.swift; sourceTree = "<group>"; };
/* End PBXFileReference section */

/* Begin PBXFrameworksBuildPhase section */
		76369E7329C8590800D2D92D /* Frameworks */ = {
			isa = PBXFrameworksBuildPhase;
			buildActionMask = 2147483647;
			files = (
				76E32BED29CCFB0E00ABB458 /* KeychainSwift in Frameworks */,
			);
			runOnlyForDeploymentPostprocessing = 0;
		};
/* End PBXFrameworksBuildPhase section */

/* Begin PBXGroup section */
		76369E6D29C8590800D2D92D = {
			isa = PBXGroup;
			children = (
				76369E7829C8590800D2D92D /* ImagePicker Bundle. Sandbox. FileManager */,
				76369E7729C8590800D2D92D /* Products */,
			);
			sourceTree = "<group>";
		};
		76369E7729C8590800D2D92D /* Products */ = {
			isa = PBXGroup;
			children = (
				76369E7629C8590800D2D92D /* ImagePicker Bundle. Sandbox. FileManager.app */,
			);
			name = Products;
			sourceTree = "<group>";
		};
		76369E7829C8590800D2D92D /* ImagePicker Bundle. Sandbox. FileManager */ = {
			isa = PBXGroup;
			children = (
				76369E7929C8590800D2D92D /* AppDelegate.swift */,
				76369E7B29C8590800D2D92D /* SceneDelegate.swift */,
				76369E8D29C8F8E400D2D92D /* TableController.swift */,
				76BBF78329C9903700B02A17 /* ImageManager.swift */,
				76E32BE929CCF08900ABB458 /* LoginController.swift */,
				76E32BEE29CD828400ABB458 /* LoginManager.swift */,
				767073D32A2DB87D007FC469 /* LocalAutorizationService.swift */,
				76E32BF429CF871E00ABB458 /* SettingsController.swift */,
				76369E7F29C8590800D2D92D /* Main.storyboard */,
				76369E8229C8590A00D2D92D /* Assets.xcassets */,
				76369E8429C8590A00D2D92D /* LaunchScreen.storyboard */,
				76369E8729C8590A00D2D92D /* Info.plist */,
				76E32BAA29CB97E500ABB458 /* TODO.swift */,
			);
			path = "ImagePicker Bundle. Sandbox. FileManager";
			sourceTree = "<group>";
		};
/* End PBXGroup section */

/* Begin PBXNativeTarget section */
		76369E7529C8590800D2D92D /* ImagePicker Bundle. Sandbox. FileManager */ = {
			isa = PBXNativeTarget;
			buildConfigurationList = 76369E8A29C8590A00D2D92D /* Build configuration list for PBXNativeTarget "ImagePicker Bundle. Sandbox. FileManager" */;
			buildPhases = (
				76369E7229C8590800D2D92D /* Sources */,
				76369E7329C8590800D2D92D /* Frameworks */,
				76369E7429C8590800D2D92D /* Resources */,
			);
			buildRules = (
			);
			dependencies = (
			);
			name = "ImagePicker Bundle. Sandbox. FileManager";
			packageProductDependencies = (
				76E32BEC29CCFB0E00ABB458 /* KeychainSwift */,
			);
			productName = "ImagePicker Bundle. Sandbox. FileManager";
			productReference = 76369E7629C8590800D2D92D /* ImagePicker Bundle. Sandbox. FileManager.app */;
			productType = "com.apple.product-type.application";
		};
/* End PBXNativeTarget section */

/* Begin PBXProject section */
		76369E6E29C8590800D2D92D /* Project object */ = {
			isa = PBXProject;
			attributes = {
				BuildIndependentTargetsInParallel = 1;
				LastSwiftUpdateCheck = 1420;
				LastUpgradeCheck = 1420;
				TargetAttributes = {
					76369E7529C8590800D2D92D = {
						CreatedOnToolsVersion = 14.2;
					};
				};
			};
			buildConfigurationList = 76369E7129C8590800D2D92D /* Build configuration list for PBXProject "ImagePicker Bundle. Sandbox. FileManager" */;
			compatibilityVersion = "Xcode 14.0";
			developmentRegion = en;
			hasScannedForEncodings = 0;
			knownRegions = (
				en,
				Base,
			);
			mainGroup = 76369E6D29C8590800D2D92D;
			packageReferences = (
				76E32BEB29CCFB0E00ABB458 /* XCRemoteSwiftPackageReference "keychain-swift" */,
			);
			productRefGroup = 76369E7729C8590800D2D92D /* Products */;
			projectDirPath = "";
			projectRoot = "";
			targets = (
				76369E7529C8590800D2D92D /* ImagePicker Bundle. Sandbox. FileManager */,
			);
		};
/* End PBXProject section */

/* Begin PBXResourcesBuildPhase section */
		76369E7429C8590800D2D92D /* Resources */ = {
			isa = PBXResourcesBuildPhase;
			buildActionMask = 2147483647;
			files = (
				76369E8629C8590A00D2D92D /* LaunchScreen.storyboard in Resources */,
				76369E8329C8590A00D2D92D /* Assets.xcassets in Resources */,
				76369E8129C8590800D2D92D /* Main.storyboard in Resources */,
			);
			runOnlyForDeploymentPostprocessing = 0;
		};
/* End PBXResourcesBuildPhase section */

/* Begin PBXSourcesBuildPhase section */
		76369E7229C8590800D2D92D /* Sources */ = {
			isa = PBXSourcesBuildPhase;
			buildActionMask = 2147483647;
			files = (
				76E32BF529CF871E00ABB458 /* SettingsController.swift in Sources */,
				76E32BAB29CB97E500ABB458 /* TODO.swift in Sources */,
				76E32BEA29CCF08900ABB458 /* LoginController.swift in Sources */,
				767073D42A2DB87D007FC469 /* LocalAutorizationService.swift in Sources */,
				76E32BEF29CD828400ABB458 /* LoginManager.swift in Sources */,
				76369E8E29C8F8E400D2D92D /* TableController.swift in Sources */,
				76369E7A29C8590800D2D92D /* AppDelegate.swift in Sources */,
				76369E7C29C8590800D2D92D /* SceneDelegate.swift in Sources */,
				76BBF78429C9903700B02A17 /* ImageManager.swift in Sources */,
			);
			runOnlyForDeploymentPostprocessing = 0;
		};
/* End PBXSourcesBuildPhase section */

/* Begin PBXVariantGroup section */
		76369E7F29C8590800D2D92D /* Main.storyboard */ = {
			isa = PBXVariantGroup;
			children = (
				76369E8029C8590800D2D92D /* Base */,
			);
			name = Main.storyboard;
			sourceTree = "<group>";
		};
		76369E8429C8590A00D2D92D /* LaunchScreen.storyboard */ = {
			isa = PBXVariantGroup;
			children = (
				76369E8529C8590A00D2D92D /* Base */,
			);
			name = LaunchScreen.storyboard;
			sourceTree = "<group>";
		};
/* End PBXVariantGroup section */

/* Begin XCBuildConfiguration section */
		76369E8829C8590A00D2D92D /* Debug */ = {
			isa = XCBuildConfiguration;
			buildSettings = {
				ALWAYS_SEARCH_USER_PATHS = NO;
				CLANG_ANALYZER_NONNULL = YES;
				CLANG_ANALYZER_NUMBER_OBJECT_CONVERSION = YES_AGGRESSIVE;
				CLANG_CXX_LANGUAGE_STANDARD = "gnu++20";
				CLANG_ENABLE_MODULES = YES;
				CLANG_ENABLE_OBJC_ARC = YES;
				CLANG_ENABLE_OBJC_WEAK = YES;
				CLANG_WARN_BLOCK_CAPTURE_AUTORELEASING = YES;
				CLANG_WARN_BOOL_CONVERSION = YES;
				CLANG_WARN_COMMA = YES;
				CLANG_WARN_CONSTANT_CONVERSION = YES;
				CLANG_WARN_DEPRECATED_OBJC_IMPLEMENTATIONS = YES;
				CLANG_WARN_DIRECT_OBJC_ISA_USAGE = YES_ERROR;
				CLANG_WARN_DOCUMENTATION_COMMENTS = YES;
				CLANG_WARN_EMPTY_BODY = YES;
				CLANG_WARN_ENUM_CONVERSION = YES;
				CLANG_WARN_INFINITE_RECURSION = YES;
				CLANG_WARN_INT_CONVERSION = YES;
				CLANG_WARN_NON_LITERAL_NULL_CONVERSION = YES;
				CLANG_WARN_OBJC_IMPLICIT_RETAIN_SELF = YES;
				CLANG_WARN_OBJC_LITERAL_CONVERSION = YES;
				CLANG_WARN_OBJC_ROOT_CLASS = YES_ERROR;
				CLANG_WARN_QUOTED_INCLUDE_IN_FRAMEWORK_HEADER = YES;
				CLANG_WARN_RANGE_LOOP_ANALYSIS = YES;
				CLANG_WARN_STRICT_PROTOTYPES = YES;
				CLANG_WARN_SUSPICIOUS_MOVE = YES;
				CLANG_WARN_UNGUARDED_AVAILABILITY = YES_AGGRESSIVE;
				CLANG_WARN_UNREACHABLE_CODE = YES;
				CLANG_WARN__DUPLICATE_METHOD_MATCH = YES;
				COPY_PHASE_STRIP = NO;
				DEBUG_INFORMATION_FORMAT = dwarf;
				ENABLE_STRICT_OBJC_MSGSEND = YES;
				ENABLE_TESTABILITY = YES;
				GCC_C_LANGUAGE_STANDARD = gnu11;
				GCC_DYNAMIC_NO_PIC = NO;
				GCC_NO_COMMON_BLOCKS = YES;
				GCC_OPTIMIZATION_LEVEL = 0;
				GCC_PREPROCESSOR_DEFINITIONS = (
					"DEBUG=1",
					"$(inherited)",
				);
				GCC_WARN_64_TO_32_BIT_CONVERSION = YES;
				GCC_WARN_ABOUT_RETURN_TYPE = YES_ERROR;
				GCC_WARN_UNDECLARED_SELECTOR = YES;
				GCC_WARN_UNINITIALIZED_AUTOS = YES_AGGRESSIVE;
				GCC_WARN_UNUSED_FUNCTION = YES;
				GCC_WARN_UNUSED_VARIABLE = YES;
				IPHONEOS_DEPLOYMENT_TARGET = 16.2;
				MTL_ENABLE_DEBUG_INFO = INCLUDE_SOURCE;
				MTL_FAST_MATH = YES;
				ONLY_ACTIVE_ARCH = YES;
				SDKROOT = iphoneos;
				SWIFT_ACTIVE_COMPILATION_CONDITIONS = DEBUG;
				SWIFT_OPTIMIZATION_LEVEL = "-Onone";
			};
			name = Debug;
		};
		76369E8929C8590A00D2D92D /* Release */ = {
			isa = XCBuildConfiguration;
			buildSettings = {
				ALWAYS_SEARCH_USER_PATHS = NO;
				CLANG_ANALYZER_NONNULL = YES;
				CLANG_ANALYZER_NUMBER_OBJECT_CONVERSION = YES_AGGRESSIVE;
				CLANG_CXX_LANGUAGE_STANDARD = "gnu++20";
				CLANG_ENABLE_MODULES = YES;
				CLANG_ENABLE_OBJC_ARC = YES;
				CLANG_ENABLE_OBJC_WEAK = YES;
				CLANG_WARN_BLOCK_CAPTURE_AUTORELEASING = YES;
				CLANG_WARN_BOOL_CONVERSION = YES;
				CLANG_WARN_COMMA = YES;
				CLANG_WARN_CONSTANT_CONVERSION = YES;
				CLANG_WARN_DEPRECATED_OBJC_IMPLEMENTATIONS = YES;
				CLANG_WARN_DIRECT_OBJC_ISA_USAGE = YES_ERROR;
				CLANG_WARN_DOCUMENTATION_COMMENTS = YES;
				CLANG_WARN_EMPTY_BODY = YES;
				CLANG_WARN_ENUM_CONVERSION = YES;
				CLANG_WARN_INFINITE_RECURSION = YES;
				CLANG_WARN_INT_CONVERSION = YES;
				CLANG_WARN_NON_LITERAL_NULL_CONVERSION = YES;
				CLANG_WARN_OBJC_IMPLICIT_RETAIN_SELF = YES;
				CLANG_WARN_OBJC_LITERAL_CONVERSION = YES;
				CLANG_WARN_OBJC_ROOT_CLASS = YES_ERROR;
				CLANG_WARN_QUOTED_INCLUDE_IN_FRAMEWORK_HEADER = YES;
				CLANG_WARN_RANGE_LOOP_ANALYSIS = YES;
				CLANG_WARN_STRICT_PROTOTYPES = YES;
				CLANG_WARN_SUSPICIOUS_MOVE = YES;
				CLANG_WARN_UNGUARDED_AVAILABILITY = YES_AGGRESSIVE;
				CLANG_WARN_UNREACHABLE_CODE = YES;
				CLANG_WARN__DUPLICATE_METHOD_MATCH = YES;
				COPY_PHASE_STRIP = NO;
				DEBUG_INFORMATION_FORMAT = "dwarf-with-dsym";
				ENABLE_NS_ASSERTIONS = NO;
				ENABLE_STRICT_OBJC_MSGSEND = YES;
				GCC_C_LANGUAGE_STANDARD = gnu11;
				GCC_NO_COMMON_BLOCKS = YES;
				GCC_WARN_64_TO_32_BIT_CONVERSION = YES;
				GCC_WARN_ABOUT_RETURN_TYPE = YES_ERROR;
				GCC_WARN_UNDECLARED_SELECTOR = YES;
				GCC_WARN_UNINITIALIZED_AUTOS = YES_AGGRESSIVE;
				GCC_WARN_UNUSED_FUNCTION = YES;
				GCC_WARN_UNUSED_VARIABLE = YES;
				IPHONEOS_DEPLOYMENT_TARGET = 16.2;
				MTL_ENABLE_DEBUG_INFO = NO;
				MTL_FAST_MATH = YES;
				SDKROOT = iphoneos;
				SWIFT_COMPILATION_MODE = wholemodule;
				SWIFT_OPTIMIZATION_LEVEL = "-O";
				VALIDATE_PRODUCT = YES;
			};
			name = Release;
		};
		76369E8B29C8590A00D2D92D /* Debug */ = {
			isa = XCBuildConfiguration;
			buildSettings = {
				ASSETCATALOG_COMPILER_APPICON_NAME = AppIcon;
				ASSETCATALOG_COMPILER_GLOBAL_ACCENT_COLOR_NAME = AccentColor;
				CODE_SIGN_STYLE = Automatic;
				CURRENT_PROJECT_VERSION = 1;
				DEVELOPMENT_TEAM = VD9W7NWT69;
				GENERATE_INFOPLIST_FILE = YES;
				INFOPLIST_FILE = "ImagePicker Bundle. Sandbox. FileManager/Info.plist";
				INFOPLIST_KEY_NSFaceIDUsageDescription = "Use Face ID instead of a password to access your account.";
				INFOPLIST_KEY_UIApplicationSupportsIndirectInputEvents = YES;
				INFOPLIST_KEY_UILaunchStoryboardName = LaunchScreen;
				INFOPLIST_KEY_UIMainStoryboardFile = Main;
				INFOPLIST_KEY_UISupportedInterfaceOrientations_iPad = "UIInterfaceOrientationPortrait UIInterfaceOrientationPortraitUpsideDown UIInterfaceOrientationLandscapeLeft UIInterfaceOrientationLandscapeRight";
				INFOPLIST_KEY_UISupportedInterfaceOrientations_iPhone = "UIInterfaceOrientationPortrait UIInterfaceOrientationLandscapeLeft UIInterfaceOrientationLandscapeRight";
				LD_RUNPATH_SEARCH_PATHS = (
					"$(inherited)",
					"@executable_path/Frameworks",
				);
				MARKETING_VERSION = 1.0;
				PRODUCT_BUNDLE_IDENTIFIER = "UkrainskayaO.ImagePicker-Bundle--Sandbox--FileManager";
				PRODUCT_NAME = "$(TARGET_NAME)";
				SWIFT_EMIT_LOC_STRINGS = YES;
				SWIFT_VERSION = 5.0;
				TARGETED_DEVICE_FAMILY = "1,2";
			};
			name = Debug;
		};
		76369E8C29C8590A00D2D92D /* Release */ = {
			isa = XCBuildConfiguration;
			buildSettings = {
				ASSETCATALOG_COMPILER_APPICON_NAME = AppIcon;
				ASSETCATALOG_COMPILER_GLOBAL_ACCENT_COLOR_NAME = AccentColor;
				CODE_SIGN_STYLE = Automatic;
				CURRENT_PROJECT_VERSION = 1;
				DEVELOPMENT_TEAM = VD9W7NWT69;
				GENERATE_INFOPLIST_FILE = YES;
				INFOPLIST_FILE = "ImagePicker Bundle. Sandbox. FileManager/Info.plist";
				INFOPLIST_KEY_NSFaceIDUsageDescription = "Use Face ID instead of a password to access your account.";
				INFOPLIST_KEY_UIApplicationSupportsIndirectInputEvents = YES;
				INFOPLIST_KEY_UILaunchStoryboardName = LaunchScreen;
				INFOPLIST_KEY_UIMainStoryboardFile = Main;
				INFOPLIST_KEY_UISupportedInterfaceOrientations_iPad = "UIInterfaceOrientationPortrait UIInterfaceOrientationPortraitUpsideDown UIInterfaceOrientationLandscapeLeft UIInterfaceOrientationLandscapeRight";
				INFOPLIST_KEY_UISupportedInterfaceOrientations_iPhone = "UIInterfaceOrientationPortrait UIInterfaceOrientationLandscapeLeft UIInterfaceOrientationLandscapeRight";
				LD_RUNPATH_SEARCH_PATHS = (
					"$(inherited)",
					"@executable_path/Frameworks",
				);
				MARKETING_VERSION = 1.0;
				PRODUCT_BUNDLE_IDENTIFIER = "UkrainskayaO.ImagePicker-Bundle--Sandbox--FileManager";
				PRODUCT_NAME = "$(TARGET_NAME)";
				SWIFT_EMIT_LOC_STRINGS = YES;
				SWIFT_VERSION = 5.0;
				TARGETED_DEVICE_FAMILY = "1,2";
			};
			name = Release;
		};
/* End XCBuildConfiguration section */

/* Begin XCConfigurationList section */
		76369E7129C8590800D2D92D /* Build configuration list for PBXProject "ImagePicker Bundle. Sandbox. FileManager" */ = {
			isa = XCConfigurationList;
			buildConfigurations = (
				76369E8829C8590A00D2D92D /* Debug */,
				76369E8929C8590A00D2D92D /* Release */,
			);
			defaultConfigurationIsVisible = 0;
			defaultConfigurationName = Release;
		};
		76369E8A29C8590A00D2D92D /* Build configuration list for PBXNativeTarget "ImagePicker Bundle. Sandbox. FileManager" */ = {
			isa = XCConfigurationList;
			buildConfigurations = (
				76369E8B29C8590A00D2D92D /* Debug */,
				76369E8C29C8590A00D2D92D /* Release */,
			);
			defaultConfigurationIsVisible = 0;
			defaultConfigurationName = Release;
		};
/* End XCConfigurationList section */

/* Begin XCRemoteSwiftPackageReference section */
		76E32BEB29CCFB0E00ABB458 /* XCRemoteSwiftPackageReference "keychain-swift" */ = {
			isa = XCRemoteSwiftPackageReference;
			repositoryURL = "https://github.com/evgenyneu/keychain-swift.git";
			requirement = {
				branch = master;
				kind = branch;
			};
		};
/* End XCRemoteSwiftPackageReference section */

/* Begin XCSwiftPackageProductDependency section */
		76E32BEC29CCFB0E00ABB458 /* KeychainSwift */ = {
			isa = XCSwiftPackageProductDependency;
			package = 76E32BEB29CCFB0E00ABB458 /* XCRemoteSwiftPackageReference "keychain-swift" */;
			productName = KeychainSwift;
		};
/* End XCSwiftPackageProductDependency section */
	};
	rootObject = 76369E6E29C8590800D2D92D /* Project object */;
}
